
Microsoft Visual Studio Solution File, Format Version 12.00
# Visual Studio Version 17
VisualStudioVersion = 17.1.32414.318
MinimumVisualStudioVersion = 10.0.40219.1
Project("{FAE04EC0-301F-11D3-BF4B-00C04F79EFBC}") = "xamsta.iOS", "xamsta\xamsta.iOS\xamsta.iOS.csproj", "{265EC121-A0A4-4FA0-A97F-3215765F6371}"
EndProject
Project("{9A19103F-16F7-4668-BE54-9A1E7A4F7556}") = "xamsta", "xamsta\xamsta\xamsta.csproj", "{32E14B05-3F6A-47CA-917C-A22378AC2663}"
EndProject
Project("{FAE04EC0-301F-11D3-BF4B-00C04F79EFBC}") = "xamsta.UWP", "xamsta\xamsta.UWP\xamsta.UWP.csproj", "{63DC956C-4A02-4B97-A246-B97404D64CA3}"
EndProject
Project("{FAE04EC0-301F-11D3-BF4B-00C04F79EFBC}") = "xamsta.Android", "xamsta\xamsta.Android\xamsta.Android.csproj", "{1E7EA2AA-1BFC-4A93-9629-DCCB54E4C39B}"
EndProject
Project("{FAE04EC0-301F-11D3-BF4B-00C04F79EFBC}") = "xamsta.macOS", "xamsta\xamsta.macOS\xamsta.macOS.csproj", "{64DB425A-E8B3-4B49-86E4-0CC92154BB72}"
EndProject
Project("{2150E333-8FDC-42A3-9474-1A3956D46DE8}") = "Solution Items", "Solution Items", "{D923F8E6-3A6C-4834-BC43-D7446AB4558F}"
	ProjectSection(SolutionItems) = preProject
		.github\workflows\xamsta.cd.yml = .github\workflows\xamsta.cd.yml
	EndProjectSection
EndProject
Global
	GlobalSection(SolutionConfigurationPlatforms) = preSolution
		Debug|Any CPU = Debug|Any CPU
		Debug|ARM = Debug|ARM
		Debug|ARM64 = Debug|ARM64
		Debug|iPhone = Debug|iPhone
		Debug|iPhoneSimulator = Debug|iPhoneSimulator
		Debug|x64 = Debug|x64
		Debug|x86 = Debug|x86
		Release|Any CPU = Release|Any CPU
		Release|ARM = Release|ARM
		Release|ARM64 = Release|ARM64
		Release|iPhone = Release|iPhone
		Release|iPhoneSimulator = Release|iPhoneSimulator
		Release|x64 = Release|x64
		Release|x86 = Release|x86
	EndGlobalSection
	GlobalSection(ProjectConfigurationPlatforms) = postSolution
		{265EC121-A0A4-4FA0-A97F-3215765F6371}.Debug|Any CPU.ActiveCfg = Debug|iPhoneSimulator
		{265EC121-A0A4-4FA0-A97F-3215765F6371}.Debug|Any CPU.Build.0 = Debug|iPhoneSimulator
		{265EC121-A0A4-4FA0-A97F-3215765F6371}.Debug|Any CPU.Deploy.0 = Debug|iPhoneSimulator
		{265EC121-A0A4-4FA0-A97F-3215765F6371}.Debug|ARM.ActiveCfg = Debug|iPhone
		{265EC121-A0A4-4FA0-A97F-3215765F6371}.Debug|ARM.Build.0 = Debug|iPhone
		{265EC121-A0A4-4FA0-A97F-3215765F6371}.Debug|ARM.Deploy.0 = Debug|iPhone
		{265EC121-A0A4-4FA0-A97F-3215765F6371}.Debug|ARM64.ActiveCfg = Debug|iPhone
		{265EC121-A0A4-4FA0-A97F-3215765F6371}.Debug|ARM64.Build.0 = Debug|iPhone
		{265EC121-A0A4-4FA0-A97F-3215765F6371}.Debug|iPhone.ActiveCfg = Debug|iPhone
		{265EC121-A0A4-4FA0-A97F-3215765F6371}.Debug|iPhone.Build.0 = Debug|iPhone
		{265EC121-A0A4-4FA0-A97F-3215765F6371}.Debug|iPhone.Deploy.0 = Debug|iPhone
		{265EC121-A0A4-4FA0-A97F-3215765F6371}.Debug|iPhoneSimulator.ActiveCfg = Debug|iPhoneSimulator
		{265EC121-A0A4-4FA0-A97F-3215765F6371}.Debug|iPhoneSimulator.Build.0 = Debug|iPhoneSimulator
		{265EC121-A0A4-4FA0-A97F-3215765F6371}.Debug|iPhoneSimulator.Deploy.0 = Debug|iPhoneSimulator
		{265EC121-A0A4-4FA0-A97F-3215765F6371}.Debug|x64.ActiveCfg = Debug|iPhoneSimulator
		{265EC121-A0A4-4FA0-A97F-3215765F6371}.Debug|x64.Build.0 = Debug|iPhoneSimulator
		{265EC121-A0A4-4FA0-A97F-3215765F6371}.Debug|x64.Deploy.0 = Debug|iPhoneSimulator
		{265EC121-A0A4-4FA0-A97F-3215765F6371}.Debug|x86.ActiveCfg = Debug|iPhoneSimulator
		{265EC121-A0A4-4FA0-A97F-3215765F6371}.Debug|x86.Build.0 = Debug|iPhoneSimulator
		{265EC121-A0A4-4FA0-A97F-3215765F6371}.Debug|x86.Deploy.0 = Debug|iPhoneSimulator
		{265EC121-A0A4-4FA0-A97F-3215765F6371}.Release|Any CPU.ActiveCfg = Release|iPhoneSimulator
		{265EC121-A0A4-4FA0-A97F-3215765F6371}.Release|Any CPU.Build.0 = Release|iPhoneSimulator
		{265EC121-A0A4-4FA0-A97F-3215765F6371}.Release|Any CPU.Deploy.0 = Release|iPhoneSimulator
		{265EC121-A0A4-4FA0-A97F-3215765F6371}.Release|ARM.ActiveCfg = Release|iPhoneSimulator
		{265EC121-A0A4-4FA0-A97F-3215765F6371}.Release|ARM.Build.0 = Release|iPhoneSimulator
		{265EC121-A0A4-4FA0-A97F-3215765F6371}.Release|ARM.Deploy.0 = Release|iPhoneSimulator
		{265EC121-A0A4-4FA0-A97F-3215765F6371}.Release|ARM64.ActiveCfg = Release|iPhone
		{265EC121-A0A4-4FA0-A97F-3215765F6371}.Release|ARM64.Build.0 = Release|iPhone
		{265EC121-A0A4-4FA0-A97F-3215765F6371}.Release|iPhone.ActiveCfg = Release|iPhone
		{265EC121-A0A4-4FA0-A97F-3215765F6371}.Release|iPhone.Build.0 = Release|iPhone
		{265EC121-A0A4-4FA0-A97F-3215765F6371}.Release|iPhone.Deploy.0 = Release|iPhone
		{265EC121-A0A4-4FA0-A97F-3215765F6371}.Release|iPhoneSimulator.ActiveCfg = Release|iPhoneSimulator
		{265EC121-A0A4-4FA0-A97F-3215765F6371}.Release|iPhoneSimulator.Build.0 = Release|iPhoneSimulator
		{265EC121-A0A4-4FA0-A97F-3215765F6371}.Release|iPhoneSimulator.Deploy.0 = Release|iPhoneSimulator
		{265EC121-A0A4-4FA0-A97F-3215765F6371}.Release|x64.ActiveCfg = Release|iPhoneSimulator
		{265EC121-A0A4-4FA0-A97F-3215765F6371}.Release|x64.Build.0 = Release|iPhoneSimulator
		{265EC121-A0A4-4FA0-A97F-3215765F6371}.Release|x64.Deploy.0 = Release|iPhoneSimulator
		{265EC121-A0A4-4FA0-A97F-3215765F6371}.Release|x86.ActiveCfg = Release|iPhoneSimulator
		{265EC121-A0A4-4FA0-A97F-3215765F6371}.Release|x86.Build.0 = Release|iPhoneSimulator
		{265EC121-A0A4-4FA0-A97F-3215765F6371}.Release|x86.Deploy.0 = Release|iPhoneSimulator
		{32E14B05-3F6A-47CA-917C-A22378AC2663}.Debug|Any CPU.ActiveCfg = Debug|Any CPU
		{32E14B05-3F6A-47CA-917C-A22378AC2663}.Debug|Any CPU.Build.0 = Debug|Any CPU
		{32E14B05-3F6A-47CA-917C-A22378AC2663}.Debug|Any CPU.Deploy.0 = Debug|Any CPU
		{32E14B05-3F6A-47CA-917C-A22378AC2663}.Debug|ARM.ActiveCfg = Debug|Any CPU
		{32E14B05-3F6A-47CA-917C-A22378AC2663}.Debug|ARM.Build.0 = Debug|Any CPU
		{32E14B05-3F6A-47CA-917C-A22378AC2663}.Debug|ARM.Deploy.0 = Debug|Any CPU
		{32E14B05-3F6A-47CA-917C-A22378AC2663}.Debug|ARM64.ActiveCfg = Debug|Any CPU
		{32E14B05-3F6A-47CA-917C-A22378AC2663}.Debug|ARM64.Build.0 = Debug|Any CPU
		{32E14B05-3F6A-47CA-917C-A22378AC2663}.Debug|iPhone.ActiveCfg = Debug|Any CPU
		{32E14B05-3F6A-47CA-917C-A22378AC2663}.Debug|iPhone.Build.0 = Debug|Any CPU
		{32E14B05-3F6A-47CA-917C-A22378AC2663}.Debug|iPhone.Deploy.0 = Debug|Any CPU
		{32E14B05-3F6A-47CA-917C-A22378AC2663}.Debug|iPhoneSimulator.ActiveCfg = Debug|Any CPU
		{32E14B05-3F6A-47CA-917C-A22378AC2663}.Debug|iPhoneSimulator.Build.0 = Debug|Any CPU
		{32E14B05-3F6A-47CA-917C-A22378AC2663}.Debug|iPhoneSimulator.Deploy.0 = Debug|Any CPU
		{32E14B05-3F6A-47CA-917C-A22378AC2663}.Debug|x64.ActiveCfg = Debug|Any CPU
		{32E14B05-3F6A-47CA-917C-A22378AC2663}.Debug|x64.Build.0 = Debug|Any CPU
		{32E14B05-3F6A-47CA-917C-A22378AC2663}.Debug|x64.Deploy.0 = Debug|Any CPU
		{32E14B05-3F6A-47CA-917C-A22378AC2663}.Debug|x86.ActiveCfg = Debug|Any CPU
		{32E14B05-3F6A-47CA-917C-A22378AC2663}.Debug|x86.Build.0 = Debug|Any CPU
		{32E14B05-3F6A-47CA-917C-A22378AC2663}.Debug|x86.Deploy.0 = Debug|Any CPU
		{32E14B05-3F6A-47CA-917C-A22378AC2663}.Release|Any CPU.ActiveCfg = Release|Any CPU
		{32E14B05-3F6A-47CA-917C-A22378AC2663}.Release|Any CPU.Build.0 = Release|Any CPU
		{32E14B05-3F6A-47CA-917C-A22378AC2663}.Release|Any CPU.Deploy.0 = Release|Any CPU
		{32E14B05-3F6A-47CA-917C-A22378AC2663}.Release|ARM.ActiveCfg = Release|Any CPU
		{32E14B05-3F6A-47CA-917C-A22378AC2663}.Release|ARM.Build.0 = Release|Any CPU
		{32E14B05-3F6A-47CA-917C-A22378AC2663}.Release|ARM.Deploy.0 = Release|Any CPU
		{32E14B05-3F6A-47CA-917C-A22378AC2663}.Release|ARM64.ActiveCfg = Release|Any CPU
		{32E14B05-3F6A-47CA-917C-A22378AC2663}.Release|ARM64.Build.0 = Release|Any CPU
		{32E14B05-3F6A-47CA-917C-A22378AC2663}.Release|iPhone.ActiveCfg = Release|Any CPU
		{32E14B05-3F6A-47CA-917C-A22378AC2663}.Release|iPhone.Build.0 = Release|Any CPU
		{32E14B05-3F6A-47CA-917C-A22378AC2663}.Release|iPhone.Deploy.0 = Release|Any CPU
		{32E14B05-3F6A-47CA-917C-A22378AC2663}.Release|iPhoneSimulator.ActiveCfg = Release|Any CPU
		{32E14B05-3F6A-47CA-917C-A22378AC2663}.Release|iPhoneSimulator.Build.0 = Release|Any CPU
		{32E14B05-3F6A-47CA-917C-A22378AC2663}.Release|iPhoneSimulator.Deploy.0 = Release|Any CPU
		{32E14B05-3F6A-47CA-917C-A22378AC2663}.Release|x64.ActiveCfg = Release|Any CPU
		{32E14B05-3F6A-47CA-917C-A22378AC2663}.Release|x64.Build.0 = Release|Any CPU
		{32E14B05-3F6A-47CA-917C-A22378AC2663}.Release|x64.Deploy.0 = Release|Any CPU
		{32E14B05-3F6A-47CA-917C-A22378AC2663}.Release|x86.ActiveCfg = Release|Any CPU
		{32E14B05-3F6A-47CA-917C-A22378AC2663}.Release|x86.Build.0 = Release|Any CPU
		{32E14B05-3F6A-47CA-917C-A22378AC2663}.Release|x86.Deploy.0 = Release|Any CPU
		{63DC956C-4A02-4B97-A246-B97404D64CA3}.Debug|Any CPU.ActiveCfg = Debug|x86
		{63DC956C-4A02-4B97-A246-B97404D64CA3}.Debug|Any CPU.Build.0 = Debug|x86
		{63DC956C-4A02-4B97-A246-B97404D64CA3}.Debug|Any CPU.Deploy.0 = Debug|x86
		{63DC956C-4A02-4B97-A246-B97404D64CA3}.Debug|ARM.ActiveCfg = Debug|ARM
		{63DC956C-4A02-4B97-A246-B97404D64CA3}.Debug|ARM.Build.0 = Debug|ARM
		{63DC956C-4A02-4B97-A246-B97404D64CA3}.Debug|ARM.Deploy.0 = Debug|ARM
		{63DC956C-4A02-4B97-A246-B97404D64CA3}.Debug|ARM64.ActiveCfg = Debug|ARM64
		{63DC956C-4A02-4B97-A246-B97404D64CA3}.Debug|ARM64.Build.0 = Debug|ARM64
		{63DC956C-4A02-4B97-A246-B97404D64CA3}.Debug|ARM64.Deploy.0 = Debug|ARM64
		{63DC956C-4A02-4B97-A246-B97404D64CA3}.Debug|iPhone.ActiveCfg = Debug|x86
		{63DC956C-4A02-4B97-A246-B97404D64CA3}.Debug|iPhone.Build.0 = Debug|x86
		{63DC956C-4A02-4B97-A246-B97404D64CA3}.Debug|iPhone.Deploy.0 = Debug|x86
		{63DC956C-4A02-4B97-A246-B97404D64CA3}.Debug|iPhoneSimulator.ActiveCfg = Debug|x86
		{63DC956C-4A02-4B97-A246-B97404D64CA3}.Debug|iPhoneSimulator.Build.0 = Debug|x86
		{63DC956C-4A02-4B97-A246-B97404D64CA3}.Debug|iPhoneSimulator.Deploy.0 = Debug|x86
		{63DC956C-4A02-4B97-A246-B97404D64CA3}.Debug|x64.ActiveCfg = Debug|x64
		{63DC956C-4A02-4B97-A246-B97404D64CA3}.Debug|x64.Build.0 = Debug|x64
		{63DC956C-4A02-4B97-A246-B97404D64CA3}.Debug|x64.Deploy.0 = Debug|x64
		{63DC956C-4A02-4B97-A246-B97404D64CA3}.Debug|x86.ActiveCfg = Debug|x86
		{63DC956C-4A02-4B97-A246-B97404D64CA3}.Debug|x86.Build.0 = Debug|x86
		{63DC956C-4A02-4B97-A246-B97404D64CA3}.Debug|x86.Deploy.0 = Debug|x86
		{63DC956C-4A02-4B97-A246-B97404D64CA3}.Release|Any CPU.ActiveCfg = Release|x86
		{63DC956C-4A02-4B97-A246-B97404D64CA3}.Release|Any CPU.Build.0 = Release|x86
		{63DC956C-4A02-4B97-A246-B97404D64CA3}.Release|Any CPU.Deploy.0 = Release|x86
		{63DC956C-4A02-4B97-A246-B97404D64CA3}.Release|ARM.ActiveCfg = Release|ARM
		{63DC956C-4A02-4B97-A246-B97404D64CA3}.Release|ARM.Build.0 = Release|ARM
		{63DC956C-4A02-4B97-A246-B97404D64CA3}.Release|ARM.Deploy.0 = Release|ARM
		{63DC956C-4A02-4B97-A246-B97404D64CA3}.Release|ARM64.ActiveCfg = Release|ARM64
		{63DC956C-4A02-4B97-A246-B97404D64CA3}.Release|ARM64.Build.0 = Release|ARM64
		{63DC956C-4A02-4B97-A246-B97404D64CA3}.Release|ARM64.Deploy.0 = Release|ARM64
		{63DC956C-4A02-4B97-A246-B97404D64CA3}.Release|iPhone.ActiveCfg = Release|x86
		{63DC956C-4A02-4B97-A246-B97404D64CA3}.Release|iPhone.Build.0 = Release|x86
		{63DC956C-4A02-4B97-A246-B97404D64CA3}.Release|iPhone.Deploy.0 = Release|x86
		{63DC956C-4A02-4B97-A246-B97404D64CA3}.Release|iPhoneSimulator.ActiveCfg = Release|x86
		{63DC956C-4A02-4B97-A246-B97404D64CA3}.Release|iPhoneSimulator.Build.0 = Release|x86
		{63DC956C-4A02-4B97-A246-B97404D64CA3}.Release|iPhoneSimulator.Deploy.0 = Release|x86
		{63DC956C-4A02-4B97-A246-B97404D64CA3}.Release|x64.ActiveCfg = Release|x64
		{63DC956C-4A02-4B97-A246-B97404D64CA3}.Release|x64.Build.0 = Release|x64
		{63DC956C-4A02-4B97-A246-B97404D64CA3}.Release|x64.Deploy.0 = Release|x64
		{63DC956C-4A02-4B97-A246-B97404D64CA3}.Release|x86.ActiveCfg = Release|x86
		{63DC956C-4A02-4B97-A246-B97404D64CA3}.Release|x86.Build.0 = Release|x86
		{63DC956C-4A02-4B97-A246-B97404D64CA3}.Release|x86.Deploy.0 = Release|x86
		{1E7EA2AA-1BFC-4A93-9629-DCCB54E4C39B}.Debug|Any CPU.ActiveCfg = Debug|Any CPU
		{1E7EA2AA-1BFC-4A93-9629-DCCB54E4C39B}.Debug|Any CPU.Build.0 = Debug|Any CPU
		{1E7EA2AA-1BFC-4A93-9629-DCCB54E4C39B}.Debug|Any CPU.Deploy.0 = Debug|Any CPU
		{1E7EA2AA-1BFC-4A93-9629-DCCB54E4C39B}.Debug|ARM.ActiveCfg = Debug|Any CPU
		{1E7EA2AA-1BFC-4A93-9629-DCCB54E4C39B}.Debug|ARM.Build.0 = Debug|Any CPU
		{1E7EA2AA-1BFC-4A93-9629-DCCB54E4C39B}.Debug|ARM.Deploy.0 = Debug|Any CPU
		{1E7EA2AA-1BFC-4A93-9629-DCCB54E4C39B}.Debug|ARM64.ActiveCfg = Debug|Any CPU
		{1E7EA2AA-1BFC-4A93-9629-DCCB54E4C39B}.Debug|ARM64.Build.0 = Debug|Any CPU
		{1E7EA2AA-1BFC-4A93-9629-DCCB54E4C39B}.Debug|ARM64.Deploy.0 = Debug|Any CPU
		{1E7EA2AA-1BFC-4A93-9629-DCCB54E4C39B}.Debug|iPhone.ActiveCfg = Debug|Any CPU
		{1E7EA2AA-1BFC-4A93-9629-DCCB54E4C39B}.Debug|iPhone.Build.0 = Debug|Any CPU
		{1E7EA2AA-1BFC-4A93-9629-DCCB54E4C39B}.Debug|iPhone.Deploy.0 = Debug|Any CPU
		{1E7EA2AA-1BFC-4A93-9629-DCCB54E4C39B}.Debug|iPhoneSimulator.ActiveCfg = Debug|Any CPU
		{1E7EA2AA-1BFC-4A93-9629-DCCB54E4C39B}.Debug|iPhoneSimulator.Build.0 = Debug|Any CPU
		{1E7EA2AA-1BFC-4A93-9629-DCCB54E4C39B}.Debug|iPhoneSimulator.Deploy.0 = Debug|Any CPU
		{1E7EA2AA-1BFC-4A93-9629-DCCB54E4C39B}.Debug|x64.ActiveCfg = Debug|Any CPU
		{1E7EA2AA-1BFC-4A93-9629-DCCB54E4C39B}.Debug|x64.Build.0 = Debug|Any CPU
		{1E7EA2AA-1BFC-4A93-9629-DCCB54E4C39B}.Debug|x64.Deploy.0 = Debug|Any CPU
		{1E7EA2AA-1BFC-4A93-9629-DCCB54E4C39B}.Debug|x86.ActiveCfg = Debug|Any CPU
		{1E7EA2AA-1BFC-4A93-9629-DCCB54E4C39B}.Debug|x86.Build.0 = Debug|Any CPU
		{1E7EA2AA-1BFC-4A93-9629-DCCB54E4C39B}.Debug|x86.Deploy.0 = Debug|Any CPU
		{1E7EA2AA-1BFC-4A93-9629-DCCB54E4C39B}.Release|Any CPU.ActiveCfg = Release|Any CPU
		{1E7EA2AA-1BFC-4A93-9629-DCCB54E4C39B}.Release|Any CPU.Build.0 = Release|Any CPU
		{1E7EA2AA-1BFC-4A93-9629-DCCB54E4C39B}.Release|Any CPU.Deploy.0 = Release|Any CPU
		{1E7EA2AA-1BFC-4A93-9629-DCCB54E4C39B}.Release|ARM.ActiveCfg = Release|Any CPU
		{1E7EA2AA-1BFC-4A93-9629-DCCB54E4C39B}.Release|ARM.Build.0 = Release|Any CPU
		{1E7EA2AA-1BFC-4A93-9629-DCCB54E4C39B}.Release|ARM.Deploy.0 = Release|Any CPU
		{1E7EA2AA-1BFC-4A93-9629-DCCB54E4C39B}.Release|ARM64.ActiveCfg = Release|Any CPU
		{1E7EA2AA-1BFC-4A93-9629-DCCB54E4C39B}.Release|ARM64.Build.0 = Release|Any CPU
		{1E7EA2AA-1BFC-4A93-9629-DCCB54E4C39B}.Release|ARM64.Deploy.0 = Release|Any CPU
		{1E7EA2AA-1BFC-4A93-9629-DCCB54E4C39B}.Release|iPhone.ActiveCfg = Release|Any CPU
		{1E7EA2AA-1BFC-4A93-9629-DCCB54E4C39B}.Release|iPhone.Build.0 = Release|Any CPU
		{1E7EA2AA-1BFC-4A93-9629-DCCB54E4C39B}.Release|iPhone.Deploy.0 = Release|Any CPU
		{1E7EA2AA-1BFC-4A93-9629-DCCB54E4C39B}.Release|iPhoneSimulator.ActiveCfg = Release|Any CPU
		{1E7EA2AA-1BFC-4A93-9629-DCCB54E4C39B}.Release|iPhoneSimulator.Build.0 = Release|Any CPU
		{1E7EA2AA-1BFC-4A93-9629-DCCB54E4C39B}.Release|iPhoneSimulator.Deploy.0 = Release|Any CPU
		{1E7EA2AA-1BFC-4A93-9629-DCCB54E4C39B}.Release|x64.ActiveCfg = Release|Any CPU
		{1E7EA2AA-1BFC-4A93-9629-DCCB54E4C39B}.Release|x64.Build.0 = Release|Any CPU
		{1E7EA2AA-1BFC-4A93-9629-DCCB54E4C39B}.Release|x64.Deploy.0 = Release|Any CPU
		{1E7EA2AA-1BFC-4A93-9629-DCCB54E4C39B}.Release|x86.ActiveCfg = Release|Any CPU
		{1E7EA2AA-1BFC-4A93-9629-DCCB54E4C39B}.Release|x86.Build.0 = Release|Any CPU
		{1E7EA2AA-1BFC-4A93-9629-DCCB54E4C39B}.Release|x86.Deploy.0 = Release|Any CPU
		{64DB425A-E8B3-4B49-86E4-0CC92154BB72}.Debug|Any CPU.ActiveCfg = Debug|Any CPU
		{64DB425A-E8B3-4B49-86E4-0CC92154BB72}.Debug|Any CPU.Build.0 = Debug|Any CPU
		{64DB425A-E8B3-4B49-86E4-0CC92154BB72}.Debug|ARM.ActiveCfg = Debug|Any CPU
		{64DB425A-E8B3-4B49-86E4-0CC92154BB72}.Debug|ARM.Build.0 = Debug|Any CPU
		{64DB425A-E8B3-4B49-86E4-0CC92154BB72}.Debug|ARM64.ActiveCfg = Debug|Any CPU
		{64DB425A-E8B3-4B49-86E4-0CC92154BB72}.Debug|ARM64.Build.0 = Debug|Any CPU
		{64DB425A-E8B3-4B49-86E4-0CC92154BB72}.Debug|iPhone.ActiveCfg = Debug|Any CPU
		{64DB425A-E8B3-4B49-86E4-0CC92154BB72}.Debug|iPhone.Build.0 = Debug|Any CPU
		{64DB425A-E8B3-4B49-86E4-0CC92154BB72}.Debug|iPhoneSimulator.ActiveCfg = Debug|Any CPU
		{64DB425A-E8B3-4B49-86E4-0CC92154BB72}.Debug|iPhoneSimulator.Build.0 = Debug|Any CPU
		{64DB425A-E8B3-4B49-86E4-0CC92154BB72}.Debug|x64.ActiveCfg = Debug|Any CPU
		{64DB425A-E8B3-4B49-86E4-0CC92154BB72}.Debug|x64.Build.0 = Debug|Any CPU
		{64DB425A-E8B3-4B49-86E4-0CC92154BB72}.Debug|x86.ActiveCfg = Debug|Any CPU
		{64DB425A-E8B3-4B49-86E4-0CC92154BB72}.Debug|x86.Build.0 = Debug|Any CPU
		{64DB425A-E8B3-4B49-86E4-0CC92154BB72}.Release|Any CPU.ActiveCfg = Release|Any CPU
		{64DB425A-E8B3-4B49-86E4-0CC92154BB72}.Release|Any CPU.Build.0 = Release|Any CPU
		{64DB425A-E8B3-4B49-86E4-0CC92154BB72}.Release|ARM.ActiveCfg = Release|Any CPU
		{64DB425A-E8B3-4B49-86E4-0CC92154BB72}.Release|ARM.Build.0 = Release|Any CPU
		{64DB425A-E8B3-4B49-86E4-0CC92154BB72}.Release|ARM64.ActiveCfg = Release|Any CPU
		{64DB425A-E8B3-4B49-86E4-0CC92154BB72}.Release|ARM64.Build.0 = Release|Any CPU
		{64DB425A-E8B3-4B49-86E4-0CC92154BB72}.Release|iPhone.ActiveCfg = Release|Any CPU
		{64DB425A-E8B3-4B49-86E4-0CC92154BB72}.Release|iPhone.Build.0 = Release|Any CPU
		{64DB425A-E8B3-4B49-86E4-0CC92154BB72}.Release|iPhoneSimulator.ActiveCfg = Release|Any CPU
		{64DB425A-E8B3-4B49-86E4-0CC92154BB72}.Release|iPhoneSimulator.Build.0 = Release|Any CPU
		{64DB425A-E8B3-4B49-86E4-0CC92154BB72}.Release|x64.ActiveCfg = Release|Any CPU
		{64DB425A-E8B3-4B49-86E4-0CC92154BB72}.Release|x64.Build.0 = Release|Any CPU
		{64DB425A-E8B3-4B49-86E4-0CC92154BB72}.Release|x86.ActiveCfg = Release|Any CPU
		{64DB425A-E8B3-4B49-86E4-0CC92154BB72}.Release|x86.Build.0 = Release|Any CPU
	EndGlobalSection
	GlobalSection(SolutionProperties) = preSolution
		HideSolutionNode = FALSE
	EndGlobalSection
	GlobalSection(ExtensibilityGlobals) = postSolution
		SolutionGuid = {D96700FF-B47E-415E-AA98-466CA83DA5EE}
	EndGlobalSection
EndGlobal
